
Microsoft Visual Studio Solution File, Format Version 12.00
# Visual Studio Version 17
VisualStudioVersion = 17.1.32328.378
MinimumVisualStudioVersion = 10.0.40219.1
Project("{FAE04EC0-301F-11D3-BF4B-00C04F79EFBC}") = "WF_NadeznostASU", "WF_NadeznostASU\WF_NadeznostASU.csproj", "{649FF7F2-4354-47EE-9356-1E03164D67F6}"
EndProject
Global
	GlobalSection(SolutionConfigurationPlatforms) = preSolution
		Debug|Any CPU = Debug|Any CPU
		Release|Any CPU = Release|Any CPU
	EndGlobalSection
	GlobalSection(ProjectConfigurationPlatforms) = postSolution
		{649FF7F2-4354-47EE-9356-1E03164D67F6}.Debug|Any CPU.ActiveCfg = Debug|Any CPU
		{649FF7F2-4354-47EE-9356-1E03164D67F6}.Debug|Any CPU.Build.0 = Debug|Any CPU
		{649FF7F2-4354-47EE-9356-1E03164D67F6}.Release|Any CPU.ActiveCfg = Release|Any CPU
		{649FF7F2-4354-47EE-9356-1E03164D67F6}.Release|Any CPU.Build.0 = Release|Any CPU
	EndGlobalSection
	GlobalSection(SolutionProperties) = preSolution
		HideSolutionNode = FALSE
	EndGlobalSection
	GlobalSection(ExtensibilityGlobals) = postSolution
		SolutionGuid = {123505E8-3F21-4733-9DF2-18509A32DA23}
	EndGlobalSection
EndGlobal
